github.com/cespare/xxhash/v2 v2.1.2 h1:YRXhKfTDauu4ajMg1TPgFO5jnlC2HCbmLXMcTG5cbYE=
github.com/cespare/xxhash/v2 v2.1.2/go.mod h1:VGX0DQ3Q6kWi7AoAeZDth3/j3BFtOZR5XLFGgcrjCOs=
github.com/dgryski/go-rendezvous v0.0.0-20200823014737-9f7001d12a5f h1:lO4WD4F/rVNCu3HqELle0jiPLLBs70cWOduZpkS1E78=
github.com/dgryski/go-rendezvous v0.0.0-20200823014737-9f7001d12a5f/go.mod h1:cuUVRXasLTGF7a8hSLbxyZXjz+1KgoB3wDUb6vlszIc=
github.com/fsnotify/fsnotify v1.4.9 h1:hsms1Qyu0jgnwNXIxa+/V/PDsU6CfLf6CNO8H7IWoS4=
github.com/go-redis/redis/v8 v8.11.5 h1:AcZZR7igkdvfVmQTPnu9WE37LRrO/YrBH5zWyjDC0oI=
github.com/go-redis/redis/v8 v8.11.5/go.mod h1:gREzHqY1hg6oD9ngVRbLStwAWKhA0FEgq8Jd4h5lpwo=
github.com/go-zoox/core-utils v1.0.4 h1:hkED3IlciYfTYnk7LrO+lBGC/+I1KSjQpJL6+K1v7Rg=
github.com/go-zoox/counter v1.0.1 h1:J9aai157VnjHNOq3klcxFTMwByaVksQUwHww2VYYPRQ=
github.com/go-zoox/counter v1.0.1/go.mod h1:PICilZTrnO4dFstDPlXpjc6sdWYBG7hm/XDmjAcHaX0=
github.com/go-zoox/dotenv v1.1.0 h1:1BiCO0S1AMnR6nVPrvznnubrURYCvCqaf+rak2ZyGRQ=
github.com/go-zoox/encoding v1.0.7 h1:vYo+rXx2QNexxSyomKHouwaKiXob7BTD4u12xTv4Mk8=
github.com/go-zoox/encoding v1.0.7/go.mod h1:h6ZgI27IaUSBq1ntaZjnSruPdRFuBLNUmfp57TaPxs4=
github.com/go-zoox/fs v1.2.5 h1:OQGercbeDUZfDjgbN1fz18oPd3f/ii3XKxH4XZlfhi0=
github.com/go-zoox/fs v1.2.5/go.mod h1:aywpClMqf6YO8+QnuwC3p3EvFWe88h0tWH65rpxtY00=
github.com/go-zoox/kv v1.4.3 h1:8LqH1QwZRhiVyH4cmnl3FVJqE9ffMCS1ZGfDyn0iHf4=
github.com/go-zoox/kv v1.4.3/go.mod h1:hRCBcPBHilKmeSEsn4o67LBaXurX0+m3Tq9Ec4aIRWk=
github.com/go-zoox/tag v1.0.6 h1:z/u9LiD5ibfX3iBlYZ+GhHFK2VouDKvk8tiJDH1poXM=
github.com/go-zoox/uuid v0.0.1 h1:txqmDavRTq68gzzqWfJQLorFyUp9a7M2lmq2KcwPGPA=
github.com/go-zoox/uuid v0.0.1/go.mod h1:0/F4LdfLqFdyqOf7aXoiYXRkXHU324JQ5DZEytXYBPM=
github.com/google/uuid v1.3.0 h1:t6JiXgmwXMjEs8VusXIJk2BXHsn+wx8BZdTaoZ5fu7I=
github.com/google/uuid v1.3.0/go.mod h1:TIyPZe4MgqvfeYDBFedMoGGpEw/LqOeaOT+nhxU+yHo=
github.com/joho/godotenv v1.4.0 h1:3l4+N6zfMWnkbPEXKng2o2/MR5mSwTrBih4ZEkkz1lg=
github.com/mattn/go-sqlite3 v1.14.14 h1:qZgc/Rwetq+MtyE18WhzjokPD93dNqLGNT3QJuLvBGw=
github.com/mattn/go-sqlite3 v1.14.14/go.mod h1:NyWgC/yNuGj7Q9rpYnZvas74GogHl5/Z4A/KQRfk6bU=
github.com/nxadm/tail v1.4.8 h1:nPr65rt6Y5JFSKQO7qToXr7pePgD6Gwiw05lkbyAQTE=
github.com/onsi/ginkgo v1.16.5 h1:8xi0RTUf59SOSfEtZMvwTvXYMzG4gV23XVHOZiXNtnE=
github.com/onsi/gomega v1.18.1 h1:M1GfJqGRrBrrGGsbxzV5dqM2U2ApXefZCQpkukxYRLE=
golang.org/x/net v0.0.0-20210428140749-89ef3d95e781 h1:DzZ89McO9/gWPsQXS/FVKAlG02ZjaQ6AlZRBimEYOd0=
golang.org/x/sys v0.0.0-20220330033206-e17cdc41300f h1:rlezHXNlxYWvBCzNses9Dlc7nGFaNMJeqLolcmQSSZY=
golang.org/x/text v0.3.6 h1:aRYxNxv6iGQlyVaZmk6ZgYEDa+Jg18DxebPSrd6bg1M=
gopkg.in/tomb.v1 v1.0.0-20141024135613-dd632973f1e7 h1:uRGJdciOHaEIrze2W8Q3AKkepLTh2hOroT7a+7czfdQ=
gopkg.in/yaml.v2 v2.4.0 h1:D8xgwECY7CYvx+Y2n4sBz93Jn9JRvxdiyyo8CTfuKaY=
